
Microsoft Visual Studio Solution File, Format Version 12.00
# Visual Studio Version 17
VisualStudioVersion = 17.11.35222.181
MinimumVisualStudioVersion = 10.0.40219.1
Project("{8BC9CEB8-8B4A-11D0-8D11-00A0C91BC942}") = "MathWeek1MatrixClass", "MathWeek1MatrixClass\MathWeek1MatrixClass.vcxproj", "{D5130718-EEA9-46ED-A7A7-61BA53243565}"
EndProject
Global
	GlobalSection(SolutionConfigurationPlatforms) = preSolution
		Debug|x64 = Debug|x64
		Debug|x86 = Debug|x86
		Release|x64 = Release|x64
		Release|x86 = Release|x86
	EndGlobalSection
	GlobalSection(ProjectConfigurationPlatforms) = postSolution
		{D5130718-EEA9-46ED-A7A7-61BA53243565}.Debug|x64.ActiveCfg = Debug|x64
		{D5130718-EEA9-46ED-A7A7-61BA53243565}.Debug|x64.Build.0 = Debug|x64
		{D5130718-EEA9-46ED-A7A7-61BA53243565}.Debug|x86.ActiveCfg = Debug|Win32
		{D5130718-EEA9-46ED-A7A7-61BA53243565}.Debug|x86.Build.0 = Debug|Win32
		{D5130718-EEA9-46ED-A7A7-61BA53243565}.Release|x64.ActiveCfg = Release|x64
		{D5130718-EEA9-46ED-A7A7-61BA53243565}.Release|x64.Build.0 = Release|x64
		{D5130718-EEA9-46ED-A7A7-61BA53243565}.Release|x86.ActiveCfg = Release|Win32
		{D5130718-EEA9-46ED-A7A7-61BA53243565}.Release|x86.Build.0 = Release|Win32
	EndGlobalSection
	GlobalSection(SolutionProperties) = preSolution
		HideSolutionNode = FALSE
	EndGlobalSection
	GlobalSection(ExtensibilityGlobals) = postSolution
		SolutionGuid = {42823129-B868-4917-AF21-E2B1F6FA7BDA}
	EndGlobalSection
EndGlobal
